{
    "name": "chatgroup-plugin-miniprogram",
    "version": "1.0.0",
    "lockfileVersion": 1,
    "requires": true,
    "dependencies": {
        "@tencent/ww-miniprogram-lib": {
            "version": "2.5.15",
            "resolved": "http://r.tnpm.oa.com/@tencent/ww-miniprogram-lib/-/@tencent/ww-miniprogram-lib-2.5.15.tgz",
            "integrity": "sha512-C2QvrVocVLW2iIq1d7WPWXh9i704I9xt1IKQCtotp6Lu+0mwzG4HReE/GKqZy+xmX2MhBwXrE9Kz+csu8RERoA=="
        },
        "eventemitter3": {
            "version": "4.0.7",
            "resolved": "http://r.tnpm.oa.com/eventemitter3/-/eventemitter3-4.0.7.tgz",
            "integrity": "sha512-8guHBZCwKnFhYdHr2ysuRWErTwhoN2X8XELRlrRwpmfeY2jjuUN4taQMsULKUVo1K4DvZl+0pgfyoysHxvmvEw=="
        },
        "widget-ui": {
            "version": "1.0.2",
            "resolved": "http://r.tnpm.oa.com/widget-ui/-/widget-ui-1.0.2.tgz",
            "integrity": "sha512-gDXosr5mflJdMA1weU1A47aTsTFfMJhfA4EKgO5XFebY3eVklf80KD4GODfrjo8J2WQ+9YjL1Rd9UUmKIzhShw==",
            "requires": {
                "eventemitter3": "^4.0.0"
            }
        }
    },
    "__warning__": "无效的 page.json [\"name\"]、page.json [\"version\"]、page.json [\"lockfileVersion\"]、page.json [\"requires\"]、page.json [\"dependencies\"]"
}